
Microsoft Visual Studio Solution File, Format Version 12.00
# Visual Studio for Mac
Project("{FAE04EC0-301F-11D3-BF4B-00C04F79EFBC}") = "Soft engineering ProjectWithDifficulty", "Assembly-CSharp.csproj", "{0FC7C9AD-F3A6-92F0-54B0-C882C5BDECB4}"
EndProject
Project("{FAE04EC0-301F-11D3-BF4B-00C04F79EFBC}") = "Soft engineering ProjectWithDifficulty", "Assembly-CSharp-Editor.csproj", "{4BF44282-5AD5-D0DF-B608-828F35F86351}"
EndProject
Global
	GlobalSection(SolutionConfigurationPlatforms) = preSolution
		Debug|Any CPU = Debug|Any CPU
		Release|Any CPU = Release|Any CPU
	EndGlobalSection
	GlobalSection(ProjectConfigurationPlatforms) = postSolution
		{0FC7C9AD-F3A6-92F0-54B0-C882C5BDECB4}.Debug|Any CPU.ActiveCfg = Debug|Any CPU
		{0FC7C9AD-F3A6-92F0-54B0-C882C5BDECB4}.Debug|Any CPU.Build.0 = Debug|Any CPU
		{0FC7C9AD-F3A6-92F0-54B0-C882C5BDECB4}.Release|Any CPU.ActiveCfg = Release|Any CPU
		{0FC7C9AD-F3A6-92F0-54B0-C882C5BDECB4}.Release|Any CPU.Build.0 = Release|Any CPU
		{4BF44282-5AD5-D0DF-B608-828F35F86351}.Debug|Any CPU.ActiveCfg = Debug|Any CPU
		{4BF44282-5AD5-D0DF-B608-828F35F86351}.Debug|Any CPU.Build.0 = Debug|Any CPU
		{4BF44282-5AD5-D0DF-B608-828F35F86351}.Release|Any CPU.ActiveCfg = Release|Any CPU
		{4BF44282-5AD5-D0DF-B608-828F35F86351}.Release|Any CPU.Build.0 = Release|Any CPU
	EndGlobalSection
	GlobalSection(SolutionProperties) = preSolution
		HideSolutionNode = FALSE
	EndGlobalSection
EndGlobal
